{
  "name": "lyric-scroll",
  "lockfileVersion": 3,
  "requires": true,
  "packages": {
    "": {
      "dependencies": {
        "@openai/codex": "^0.113.0"
      }
    },
    "node_modules/@openai/codex": {
      "version": "0.113.0",
      "resolved": "https://registry.npmjs.org/@openai/codex/-/codex-0.113.0.tgz",
      "integrity": "sha512-tORKkHTWOT8r8prizxpVxDbC706nDfPNmt+IHjrdZV101rXtmqft8v/sxdutIkw9VBMAD5irxm0IuINi/vDZTw==",
      "license": "Apache-2.0",
      "bin": {
        "codex": "bin/codex.js"
      },
      "engines": {
        "node": ">=16"
      },
      "optionalDependencies": {
        "@openai/codex-darwin-arm64": "npm:@openai/codex@0.113.0-darwin-arm64",
        "@openai/codex-darwin-x64": "npm:@openai/codex@0.113.0-darwin-x64",
        "@openai/codex-linux-arm64": "npm:@openai/codex@0.113.0-linux-arm64",
        "@openai/codex-linux-x64": "npm:@openai/codex@0.113.0-linux-x64",
        "@openai/codex-win32-arm64": "npm:@openai/codex@0.113.0-win32-arm64",
        "@openai/codex-win32-x64": "npm:@openai/codex@0.113.0-win32-x64"
      }
    },
    "node_modules/@openai/codex-darwin-arm64": {
      "name": "@openai/codex",
      "version": "0.113.0-darwin-arm64",
      "resolved": "https://registry.npmjs.org/@openai/codex/-/codex-0.113.0-darwin-arm64.tgz",
      "integrity": "sha512-e8cvmmItlluDHCw2h1MHtjuZ2imt8YkchpyQ52jWlsaG8QHmf/+mkRJ2+YeLrO5tfQcGFWpMrCYMlmEdxKB6sQ==",
      "cpu": [
        "arm64"
      ],
      "license": "Apache-2.0",
      "optional": true,
      "os": [
        "darwin"
      ],
      "engines": {
        "node": ">=16"
      }
    },
    "node_modules/@openai/codex-darwin-x64": {
      "name": "@openai/codex",
      "version": "0.113.0-darwin-x64",
      "resolved": "https://registry.npmjs.org/@openai/codex/-/codex-0.113.0-darwin-x64.tgz",
      "integrity": "sha512-RXPf2XvbgRofq/sCSB/lQL30JEhtVr/BRH527ggvzH0mdBleOwFJrHkRA4kAMRuawsfhhTYcdM1Jit3TusmCjg==",
      "cpu": [
        "x64"
      ],
      "license": "Apache-2.0",
      "optional": true,
      "os": [
        "darwin"
      ],
      "engines": {
        "node": ">=16"
      }
    },
    "node_modules/@openai/codex-linux-arm64": {
      "name": "@openai/codex",
      "version": "0.113.0-linux-arm64",
      "resolved": "https://registry.npmjs.org/@openai/codex/-/codex-0.113.0-linux-arm64.tgz",
      "integrity": "sha512-i1K9yXjXlYOjKTxvNrdAF5jzi1dOP2puMyPhQThbRHcQQnJjjUxSGTXJDTVAL7VntYPzsxJ2cQJigHb1Ubg9sw==",
      "cpu": [
        "arm64"
      ],
      "license": "Apache-2.0",
      "optional": true,
      "os": [
        "linux"
      ],
      "engines": {
        "node": ">=16"
      }
    },
    "node_modules/@openai/codex-linux-x64": {
      "name": "@openai/codex",
      "version": "0.113.0-linux-x64",
      "resolved": "https://registry.npmjs.org/@openai/codex/-/codex-0.113.0-linux-x64.tgz",
      "integrity": "sha512-ZWGfrO+xRN9uIqukCkwstEWbnST0S8SUUfK0Dq/QlY9jSdPiNiuYCsue15YkSNvwfW29eqF1icUUqcKc0T5GdA==",
      "cpu": [
        "x64"
      ],
      "license": "Apache-2.0",
      "optional": true,
      "os": [
        "linux"
      ],
      "engines": {
        "node": ">=16"
      }
    },
    "node_modules/@openai/codex-win32-arm64": {
      "name": "@openai/codex",
      "version": "0.113.0-win32-arm64",
      "resolved": "https://registry.npmjs.org/@openai/codex/-/codex-0.113.0-win32-arm64.tgz",
      "integrity": "sha512-lRdmumMGX+y/qauBoKqo2WLTiM96OzZz+0+JNuPieF8VYXsWQ7OFQUeOnKiI1k8Xmdh76R5ErKnBpo80gYRW5w==",
      "cpu": [
        "arm64"
      ],
      "license": "Apache-2.0",
      "optional": true,
      "os": [
        "win32"
      ],
      "engines": {
        "node": ">=16"
      }
    },
    "node_modules/@openai/codex-win32-x64": {
      "name": "@openai/codex",
      "version": "0.113.0-win32-x64",
      "resolved": "https://registry.npmjs.org/@openai/codex/-/codex-0.113.0-win32-x64.tgz",
      "integrity": "sha512-JnynD8WlDMgCovj1g5lecg7d+6q5iSgf3xemmDdOpQCQmIkR8bpj4NIGdKU5BnqCb9GfLtPdd0Sl6Zy94SoFRg==",
      "cpu": [
        "x64"
      ],
      "license": "Apache-2.0",
      "optional": true,
      "os": [
        "win32"
      ],
      "engines": {
        "node": ">=16"
      }
    }
  }
}
